
Microsoft Visual Studio Solution File, Format Version 12.00
# Visual Studio Version 17
VisualStudioVersion = 17.10.34928.147
MinimumVisualStudioVersion = 10.0.40219.1
Project("{FAE04EC0-301F-11D3-BF4B-00C04F79EFBC}") = "BookTracker.Server", "BookTracker.Server\BookTracker.Server.csproj", "{4477F39E-7198-4CF5-9FEF-8D0EE07EDF25}"
EndProject
Project("{54A90642-561A-4BB1-A94E-469ADEE60C69}") = "booktracker.client", "booktracker.client\booktracker.client.esproj", "{941D086F-C3FD-4356-9D31-A698E37EF934}"
EndProject
Global
	GlobalSection(SolutionConfigurationPlatforms) = preSolution
		Debug|Any CPU = Debug|Any CPU
		Release|Any CPU = Release|Any CPU
	EndGlobalSection
	GlobalSection(ProjectConfigurationPlatforms) = postSolution
		{4477F39E-7198-4CF5-9FEF-8D0EE07EDF25}.Debug|Any CPU.ActiveCfg = Debug|Any CPU
		{4477F39E-7198-4CF5-9FEF-8D0EE07EDF25}.Debug|Any CPU.Build.0 = Debug|Any CPU
		{4477F39E-7198-4CF5-9FEF-8D0EE07EDF25}.Release|Any CPU.ActiveCfg = Release|Any CPU
		{4477F39E-7198-4CF5-9FEF-8D0EE07EDF25}.Release|Any CPU.Build.0 = Release|Any CPU
		{941D086F-C3FD-4356-9D31-A698E37EF934}.Debug|Any CPU.ActiveCfg = Debug|Any CPU
		{941D086F-C3FD-4356-9D31-A698E37EF934}.Debug|Any CPU.Build.0 = Debug|Any CPU
		{941D086F-C3FD-4356-9D31-A698E37EF934}.Debug|Any CPU.Deploy.0 = Debug|Any CPU
		{941D086F-C3FD-4356-9D31-A698E37EF934}.Release|Any CPU.ActiveCfg = Release|Any CPU
		{941D086F-C3FD-4356-9D31-A698E37EF934}.Release|Any CPU.Build.0 = Release|Any CPU
		{941D086F-C3FD-4356-9D31-A698E37EF934}.Release|Any CPU.Deploy.0 = Release|Any CPU
	EndGlobalSection
	GlobalSection(SolutionProperties) = preSolution
		HideSolutionNode = FALSE
	EndGlobalSection
	GlobalSection(ExtensibilityGlobals) = postSolution
		SolutionGuid = {EB9C50D7-498D-49F5-BB3F-3C5EFEAB5306}
	EndGlobalSection
EndGlobal
